// !$*UTF8*$!
{
	archiveVersion = 1;
	classes = {
	};
	objectVersion = 50;
	objects = {

/* Begin PBXBuildFile section */
		1B1A9C0D24FFCC5300D36E33 /* AppDelegate.swift in Sources */ = {isa = PBXBuildFile; fileRef = 1B1A9C0C24FFCC5300D36E33 /* AppDelegate.swift */; };
		1B1A9C1324FFCC5300D36E33 /* GameScene.swift in Sources */ = {isa = PBXBuildFile; fileRef = 1B1A9C1224FFCC5300D36E33 /* GameScene.swift */; };
		1B1A9C1524FFCC5300D36E33 /* GameViewController.swift in Sources */ = {isa = PBXBuildFile; fileRef = 1B1A9C1424FFCC5300D36E33 /* GameViewController.swift */; };
		1B1A9C1824FFCC5300D36E33 /* Main.storyboard in Resources */ = {isa = PBXBuildFile; fileRef = 1B1A9C1624FFCC5300D36E33 /* Main.storyboard */; };
		1B1A9C1A24FFCC5B00D36E33 /* Assets.xcassets in Resources */ = {isa = PBXBuildFile; fileRef = 1B1A9C1924FFCC5B00D36E33 /* Assets.xcassets */; };
		1B1A9C1D24FFCC5B00D36E33 /* LaunchScreen.storyboard in Resources */ = {isa = PBXBuildFile; fileRef = 1B1A9C1B24FFCC5B00D36E33 /* LaunchScreen.storyboard */; };
		1B1A9C2B24FFDC5400D36E33 /* Types.swift in Sources */ = {isa = PBXBuildFile; fileRef = 1B1A9C2A24FFDC5400D36E33 /* Types.swift */; };
		1BDB598A2500EB7E00931C90 /* StackNode.swift in Sources */ = {isa = PBXBuildFile; fileRef = 1BDB59892500EB7E00931C90 /* StackNode.swift */; };
		1BDB598D2500F19900931C90 /* CGFloat+Ext.swift in Sources */ = {isa = PBXBuildFile; fileRef = 1BDB598C2500F19900931C90 /* CGFloat+Ext.swift */; };
		1BDB598F2500F2B500931C90 /* Int+Ext.swift in Sources */ = {isa = PBXBuildFile; fileRef = 1BDB598E2500F2B500931C90 /* Int+Ext.swift */; };
		1BDB59912501263600931C90 /* HeroNode.swift in Sources */ = {isa = PBXBuildFile; fileRef = 1BDB59902501263600931C90 /* HeroNode.swift */; };
/* End PBXBuildFile section */

/* Begin PBXFileReference section */
		1B1A9C0924FFCC5300D36E33 /* TheStickMan.app */ = {isa = PBXFileReference; explicitFileType = wrapper.application; includeInIndex = 0; path = TheStickMan.app; sourceTree = BUILT_PRODUCTS_DIR; };
		1B1A9C0C24FFCC5300D36E33 /* AppDelegate.swift */ = {isa = PBXFileReference; lastKnownFileType = sourcecode.swift; path = AppDelegate.swift; sourceTree = "<group>"; };
		1B1A9C1224FFCC5300D36E33 /* GameScene.swift */ = {isa = PBXFileReference; lastKnownFileType = sourcecode.swift; path = GameScene.swift; sourceTree = "<group>"; };
		1B1A9C1424FFCC5300D36E33 /* GameViewController.swift */ = {isa = PBXFileReference; lastKnownFileType = sourcecode.swift; path = GameViewController.swift; sourceTree = "<group>"; };
		1B1A9C1724FFCC5300D36E33 /* Base */ = {isa = PBXFileReference; lastKnownFileType = file.storyboard; name = Base; path = Base.lproj/Main.storyboard; sourceTree = "<group>"; };
		1B1A9C1924FFCC5B00D36E33 /* Assets.xcassets */ = {isa = PBXFileReference; lastKnownFileType = folder.assetcatalog; path = Assets.xcassets; sourceTree = "<group>"; };
		1B1A9C1C24FFCC5B00D36E33 /* Base */ = {isa = PBXFileReference; lastKnownFileType = file.storyboard; name = Base; path = Base.lproj/LaunchScreen.storyboard; sourceTree = "<group>"; };
		1B1A9C1E24FFCC5B00D36E33 /* Info.plist */ = {isa = PBXFileReference; lastKnownFileType = text.plist.xml; path = Info.plist; sourceTree = "<group>"; };
		1B1A9C2A24FFDC5400D36E33 /* Types.swift */ = {isa = PBXFileReference; lastKnownFileType = sourcecode.swift; path = Types.swift; sourceTree = "<group>"; };
		1BDB59892500EB7E00931C90 /* StackNode.swift */ = {isa = PBXFileReference; lastKnownFileType = sourcecode.swift; path = StackNode.swift; sourceTree = "<group>"; };
		1BDB598C2500F19900931C90 /* CGFloat+Ext.swift */ = {isa = PBXFileReference; lastKnownFileType = sourcecode.swift; path = "CGFloat+Ext.swift"; sourceTree = "<group>"; };
		1BDB598E2500F2B500931C90 /* Int+Ext.swift */ = {isa = PBXFileReference; lastKnownFileType = sourcecode.swift; path = "Int+Ext.swift"; sourceTree = "<group>"; };
		1BDB59902501263600931C90 /* HeroNode.swift */ = {isa = PBXFileReference; lastKnownFileType = sourcecode.swift; path = HeroNode.swift; sourceTree = "<group>"; };
/* End PBXFileReference section */

/* Begin PBXFrameworksBuildPhase section */
		1B1A9C0624FFCC5200D36E33 /* Frameworks */ = {
			isa = PBXFrameworksBuildPhase;
			buildActionMask = 2147483647;
			files = (
			);
			runOnlyForDeploymentPostprocessing = 0;
		};
/* End PBXFrameworksBuildPhase section */

/* Begin PBXGroup section */
		1B1A9C0024FFCC5200D36E33 = {
			isa = PBXGroup;
			children = (
				1B1A9C0B24FFCC5300D36E33 /* TheStickMan */,
				1B1A9C0A24FFCC5300D36E33 /* Products */,
			);
			sourceTree = "<group>";
		};
		1B1A9C0A24FFCC5300D36E33 /* Products */ = {
			isa = PBXGroup;
			children = (
				1B1A9C0924FFCC5300D36E33 /* TheStickMan.app */,
			);
			name = Products;
			sourceTree = "<group>";
		};
		1B1A9C0B24FFCC5300D36E33 /* TheStickMan */ = {
			isa = PBXGroup;
			children = (
				1BDB598B2500EDCB00931C90 /* MyUtils */,
				1BDB59882500EB6100931C90 /* StackNode */,
				1B1A9C2924FFDC4200D36E33 /* Types */,
				1B1A9C2424FFD89D00D36E33 /* AppDelegate */,
				1B1A9C2724FFD94800D36E33 /* Views */,
				1B1A9C2624FFD8C300D36E33 /* Controllers */,
				1B1A9C2824FFD96C00D36E33 /* Resources */,
				1B1A9C2524FFD8B800D36E33 /* Scenes */,
				1B1A9C1924FFCC5B00D36E33 /* Assets.xcassets */,
				1B1A9C1E24FFCC5B00D36E33 /* Info.plist */,
			);
			path = TheStickMan;
			sourceTree = "<group>";
		};
		1B1A9C2424FFD89D00D36E33 /* AppDelegate */ = {
			isa = PBXGroup;
			children = (
				1B1A9C0C24FFCC5300D36E33 /* AppDelegate.swift */,
			);
			path = AppDelegate;
			sourceTree = "<group>";
		};
		1B1A9C2524FFD8B800D36E33 /* Scenes */ = {
			isa = PBXGroup;
			children = (
				1B1A9C1224FFCC5300D36E33 /* GameScene.swift */,
			);
			path = Scenes;
			sourceTree = "<group>";
		};
		1B1A9C2624FFD8C300D36E33 /* Controllers */ = {
			isa = PBXGroup;
			children = (
				1B1A9C1424FFCC5300D36E33 /* GameViewController.swift */,
			);
			path = Controllers;
			sourceTree = "<group>";
		};
		1B1A9C2724FFD94800D36E33 /* Views */ = {
			isa = PBXGroup;
			children = (
				1B1A9C1B24FFCC5B00D36E33 /* LaunchScreen.storyboard */,
				1B1A9C1624FFCC5300D36E33 /* Main.storyboard */,
			);
			path = Views;
			sourceTree = "<group>";
		};
		1B1A9C2824FFD96C00D36E33 /* Resources */ = {
			isa = PBXGroup;
			children = (
			);
			path = Resources;
			sourceTree = "<group>";
		};
		1B1A9C2924FFDC4200D36E33 /* Types */ = {
			isa = PBXGroup;
			children = (
				1B1A9C2A24FFDC5400D36E33 /* Types.swift */,
			);
			path = Types;
			sourceTree = "<group>";
		};
		1BDB59882500EB6100931C90 /* StackNode */ = {
			isa = PBXGroup;
			children = (
				1BDB59892500EB7E00931C90 /* StackNode.swift */,
				1BDB59902501263600931C90 /* HeroNode.swift */,
			);
			path = StackNode;
			sourceTree = "<group>";
		};
		1BDB598B2500EDCB00931C90 /* MyUtils */ = {
			isa = PBXGroup;
			children = (
				1BDB598C2500F19900931C90 /* CGFloat+Ext.swift */,
				1BDB598E2500F2B500931C90 /* Int+Ext.swift */,
			);
			path = MyUtils;
			sourceTree = "<group>";
		};
/* End PBXGroup section */

/* Begin PBXNativeTarget section */
		1B1A9C0824FFCC5200D36E33 /* TheStickMan */ = {
			isa = PBXNativeTarget;
			buildConfigurationList = 1B1A9C2124FFCC5B00D36E33 /* Build configuration list for PBXNativeTarget "TheStickMan" */;
			buildPhases = (
				1B1A9C0524FFCC5200D36E33 /* Sources */,
				1B1A9C0624FFCC5200D36E33 /* Frameworks */,
				1B1A9C0724FFCC5200D36E33 /* Resources */,
			);
			buildRules = (
			);
			dependencies = (
			);
			name = TheStickMan;
			productName = TheStickMan;
			productReference = 1B1A9C0924FFCC5300D36E33 /* TheStickMan.app */;
			productType = "com.apple.product-type.application";
		};
/* End PBXNativeTarget section */

/* Begin PBXProject section */
		1B1A9C0124FFCC5200D36E33 /* Project object */ = {
			isa = PBXProject;
			attributes = {
				LastSwiftUpdateCheck = 1170;
				LastUpgradeCheck = 1170;
				ORGANIZATIONNAME = "twisted echo";
				TargetAttributes = {
					1B1A9C0824FFCC5200D36E33 = {
						CreatedOnToolsVersion = 11.7;
					};
				};
			};
			buildConfigurationList = 1B1A9C0424FFCC5200D36E33 /* Build configuration list for PBXProject "TheStickMan" */;
			compatibilityVersion = "Xcode 9.3";
			developmentRegion = en;
			hasScannedForEncodings = 0;
			knownRegions = (
				en,
				Base,
			);
			mainGroup = 1B1A9C0024FFCC5200D36E33;
			productRefGroup = 1B1A9C0A24FFCC5300D36E33 /* Products */;
			projectDirPath = "";
			projectRoot = "";
			targets = (
				1B1A9C0824FFCC5200D36E33 /* TheStickMan */,
			);
		};
/* End PBXProject section */

/* Begin PBXResourcesBuildPhase section */
		1B1A9C0724FFCC5200D36E33 /* Resources */ = {
			isa = PBXResourcesBuildPhase;
			buildActionMask = 2147483647;
			files = (
				1B1A9C1824FFCC5300D36E33 /* Main.storyboard in Resources */,
				1B1A9C1A24FFCC5B00D36E33 /* Assets.xcassets in Resources */,
				1B1A9C1D24FFCC5B00D36E33 /* LaunchScreen.storyboard in Resources */,
			);
			runOnlyForDeploymentPostprocessing = 0;
		};
/* End PBXResourcesBuildPhase section */

/* Begin PBXSourcesBuildPhase section */
		1B1A9C0524FFCC5200D36E33 /* Sources */ = {
			isa = PBXSourcesBuildPhase;
			buildActionMask = 2147483647;
			files = (
				1BDB598F2500F2B500931C90 /* Int+Ext.swift in Sources */,
				1BDB598D2500F19900931C90 /* CGFloat+Ext.swift in Sources */,
				1B1A9C1324FFCC5300D36E33 /* GameScene.swift in Sources */,
				1B1A9C1524FFCC5300D36E33 /* GameViewController.swift in Sources */,
				1B1A9C0D24FFCC5300D36E33 /* AppDelegate.swift in Sources */,
				1BDB59912501263600931C90 /* HeroNode.swift in Sources */,
				1B1A9C2B24FFDC5400D36E33 /* Types.swift in Sources */,
				1BDB598A2500EB7E00931C90 /* StackNode.swift in Sources */,
			);
			runOnlyForDeploymentPostprocessing = 0;
		};
/* End PBXSourcesBuildPhase section */

/* Begin PBXVariantGroup section */
		1B1A9C1624FFCC5300D36E33 /* Main.storyboard */ = {
			isa = PBXVariantGroup;
			children = (
				1B1A9C1724FFCC5300D36E33 /* Base */,
			);
			name = Main.storyboard;
			sourceTree = "<group>";
		};
		1B1A9C1B24FFCC5B00D36E33 /* LaunchScreen.storyboard */ = {
			isa = PBXVariantGroup;
			children = (
				1B1A9C1C24FFCC5B00D36E33 /* Base */,
			);
			name = LaunchScreen.storyboard;
			sourceTree = "<group>";
		};
/* End PBXVariantGroup section */

/* Begin XCBuildConfiguration section */
		1B1A9C1F24FFCC5B00D36E33 /* Debug */ = {
			isa = XCBuildConfiguration;
			buildSettings = {
				ALWAYS_SEARCH_USER_PATHS = NO;
				CLANG_ANALYZER_NONNULL = YES;
				CLANG_ANALYZER_NUMBER_OBJECT_CONVERSION = YES_AGGRESSIVE;
				CLANG_CXX_LANGUAGE_STANDARD = "gnu++14";
				CLANG_CXX_LIBRARY = "libc++";
				CLANG_ENABLE_MODULES = YES;
				CLANG_ENABLE_OBJC_ARC = YES;
				CLANG_ENABLE_OBJC_WEAK = YES;
				CLANG_WARN_BLOCK_CAPTURE_AUTORELEASING = YES;
				CLANG_WARN_BOOL_CONVERSION = YES;
				CLANG_WARN_COMMA = YES;
				CLANG_WARN_CONSTANT_CONVERSION = YES;
				CLANG_WARN_DEPRECATED_OBJC_IMPLEMENTATIONS = YES;
				CLANG_WARN_DIRECT_OBJC_ISA_USAGE = YES_ERROR;
				CLANG_WARN_DOCUMENTATION_COMMENTS = YES;
				CLANG_WARN_EMPTY_BODY = YES;
				CLANG_WARN_ENUM_CONVERSION = YES;
				CLANG_WARN_INFINITE_RECURSION = YES;
				CLANG_WARN_INT_CONVERSION = YES;
				CLANG_WARN_NON_LITERAL_NULL_CONVERSION = YES;
				CLANG_WARN_OBJC_IMPLICIT_RETAIN_SELF = YES;
				CLANG_WARN_OBJC_LITERAL_CONVERSION = YES;
				CLANG_WARN_OBJC_ROOT_CLASS = YES_ERROR;
				CLANG_WARN_RANGE_LOOP_ANALYSIS = YES;
				CLANG_WARN_STRICT_PROTOTYPES = YES;
				CLANG_WARN_SUSPICIOUS_MOVE = YES;
				CLANG_WARN_UNGUARDED_AVAILABILITY = YES_AGGRESSIVE;
				CLANG_WARN_UNREACHABLE_CODE = YES;
				CLANG_WARN__DUPLICATE_METHOD_MATCH = YES;
				COPY_PHASE_STRIP = NO;
				DEBUG_INFORMATION_FORMAT = dwarf;
				ENABLE_STRICT_OBJC_MSGSEND = YES;
				ENABLE_TESTABILITY = YES;
				GCC_C_LANGUAGE_STANDARD = gnu11;
				GCC_DYNAMIC_NO_PIC = NO;
				GCC_NO_COMMON_BLOCKS = YES;
				GCC_OPTIMIZATION_LEVEL = 0;
				GCC_PREPROCESSOR_DEFINITIONS = (
					"DEBUG=1",
					"$(inherited)",
				);
				GCC_WARN_64_TO_32_BIT_CONVERSION = YES;
				GCC_WARN_ABOUT_RETURN_TYPE = YES_ERROR;
				GCC_WARN_UNDECLARED_SELECTOR = YES;
				GCC_WARN_UNINITIALIZED_AUTOS = YES_AGGRESSIVE;
				GCC_WARN_UNUSED_FUNCTION = YES;
				GCC_WARN_UNUSED_VARIABLE = YES;
				IPHONEOS_DEPLOYMENT_TARGET = 13.7;
				MTL_ENABLE_DEBUG_INFO = INCLUDE_SOURCE;
				MTL_FAST_MATH = YES;
				ONLY_ACTIVE_ARCH = YES;
				SDKROOT = iphoneos;
				SWIFT_ACTIVE_COMPILATION_CONDITIONS = DEBUG;
				SWIFT_OPTIMIZATION_LEVEL = "-Onone";
			};
			name = Debug;
		};
		1B1A9C2024FFCC5B00D36E33 /* Release */ = {
			isa = XCBuildConfiguration;
			buildSettings = {
				ALWAYS_SEARCH_USER_PATHS = NO;
				CLANG_ANALYZER_NONNULL = YES;
				CLANG_ANALYZER_NUMBER_OBJECT_CONVERSION = YES_AGGRESSIVE;
				CLANG_CXX_LANGUAGE_STANDARD = "gnu++14";
				CLANG_CXX_LIBRARY = "libc++";
				CLANG_ENABLE_MODULES = YES;
				CLANG_ENABLE_OBJC_ARC = YES;
				CLANG_ENABLE_OBJC_WEAK = YES;
				CLANG_WARN_BLOCK_CAPTURE_AUTORELEASING = YES;
				CLANG_WARN_BOOL_CONVERSION = YES;
				CLANG_WARN_COMMA = YES;
				CLANG_WARN_CONSTANT_CONVERSION = YES;
				CLANG_WARN_DEPRECATED_OBJC_IMPLEMENTATIONS = YES;
				CLANG_WARN_DIRECT_OBJC_ISA_USAGE = YES_ERROR;
				CLANG_WARN_DOCUMENTATION_COMMENTS = YES;
				CLANG_WARN_EMPTY_BODY = YES;
				CLANG_WARN_ENUM_CONVERSION = YES;
				CLANG_WARN_INFINITE_RECURSION = YES;
				CLANG_WARN_INT_CONVERSION = YES;
				CLANG_WARN_NON_LITERAL_NULL_CONVERSION = YES;
				CLANG_WARN_OBJC_IMPLICIT_RETAIN_SELF = YES;
				CLANG_WARN_OBJC_LITERAL_CONVERSION = YES;
				CLANG_WARN_OBJC_ROOT_CLASS = YES_ERROR;
				CLANG_WARN_RANGE_LOOP_ANALYSIS = YES;
				CLANG_WARN_STRICT_PROTOTYPES = YES;
				CLANG_WARN_SUSPICIOUS_MOVE = YES;
				CLANG_WARN_UNGUARDED_AVAILABILITY = YES_AGGRESSIVE;
				CLANG_WARN_UNREACHABLE_CODE = YES;
				CLANG_WARN__DUPLICATE_METHOD_MATCH = YES;
				COPY_PHASE_STRIP = NO;
				DEBUG_INFORMATION_FORMAT = "dwarf-with-dsym";
				ENABLE_NS_ASSERTIONS = NO;
				ENABLE_STRICT_OBJC_MSGSEND = YES;
				GCC_C_LANGUAGE_STANDARD = gnu11;
				GCC_NO_COMMON_BLOCKS = YES;
				GCC_WARN_64_TO_32_BIT_CONVERSION = YES;
				GCC_WARN_ABOUT_RETURN_TYPE = YES_ERROR;
				GCC_WARN_UNDECLARED_SELECTOR = YES;
				GCC_WARN_UNINITIALIZED_AUTOS = YES_AGGRESSIVE;
				GCC_WARN_UNUSED_FUNCTION = YES;
				GCC_WARN_UNUSED_VARIABLE = YES;
				IPHONEOS_DEPLOYMENT_TARGET = 13.7;
				MTL_ENABLE_DEBUG_INFO = NO;
				MTL_FAST_MATH = YES;
				SDKROOT = iphoneos;
				SWIFT_COMPILATION_MODE = wholemodule;
				SWIFT_OPTIMIZATION_LEVEL = "-O";
				VALIDATE_PRODUCT = YES;
			};
			name = Release;
		};
		1B1A9C2224FFCC5B00D36E33 /* Debug */ = {
			isa = XCBuildConfiguration;
			buildSettings = {
				ASSETCATALOG_COMPILER_APPICON_NAME = AppIcon;
				CODE_SIGN_STYLE = Automatic;
				DEVELOPMENT_TEAM = UMQAGMF379;
				INFOPLIST_FILE = TheStickMan/Info.plist;
				LD_RUNPATH_SEARCH_PATHS = (
					"$(inherited)",
					"@executable_path/Frameworks",
				);
				PRODUCT_BUNDLE_IDENTIFIER = com.twisted.TheStickMan;
				PRODUCT_NAME = "$(TARGET_NAME)";
				SWIFT_VERSION = 5.0;
				TARGETED_DEVICE_FAMILY = "1,2";
			};
			name = Debug;
		};
		1B1A9C2324FFCC5B00D36E33 /* Release */ = {
			isa = XCBuildConfiguration;
			buildSettings = {
				ASSETCATALOG_COMPILER_APPICON_NAME = AppIcon;
				CODE_SIGN_STYLE = Automatic;
				DEVELOPMENT_TEAM = UMQAGMF379;
				INFOPLIST_FILE = TheStickMan/Info.plist;
				LD_RUNPATH_SEARCH_PATHS = (
					"$(inherited)",
					"@executable_path/Frameworks",
				);
				PRODUCT_BUNDLE_IDENTIFIER = com.twisted.TheStickMan;
				PRODUCT_NAME = "$(TARGET_NAME)";
				SWIFT_VERSION = 5.0;
				TARGETED_DEVICE_FAMILY = "1,2";
			};
			name = Release;
		};
/* End XCBuildConfiguration section */

/* Begin XCConfigurationList section */
		1B1A9C0424FFCC5200D36E33 /* Build configuration list for PBXProject "TheStickMan" */ = {
			isa = XCConfigurationList;
			buildConfigurations = (
				1B1A9C1F24FFCC5B00D36E33 /* Debug */,
				1B1A9C2024FFCC5B00D36E33 /* Release */,
			);
			defaultConfigurationIsVisible = 0;
			defaultConfigurationName = Release;
		};
		1B1A9C2124FFCC5B00D36E33 /* Build configuration list for PBXNativeTarget "TheStickMan" */ = {
			isa = XCConfigurationList;
			buildConfigurations = (
				1B1A9C2224FFCC5B00D36E33 /* Debug */,
				1B1A9C2324FFCC5B00D36E33 /* Release */,
			);
			defaultConfigurationIsVisible = 0;
			defaultConfigurationName = Release;
		};
/* End XCConfigurationList section */
	};
	rootObject = 1B1A9C0124FFCC5200D36E33 /* Project object */;
}
